
Microsoft Visual Studio Solution File, Format Version 12.00
# Visual Studio Version 17
VisualStudioVersion = 17.3.32922.545
MinimumVisualStudioVersion = 10.0.40219.1
Project("{8BC9CEB8-8B4A-11D0-8D11-00A0C91BC942}") = "MinWindowSubstring", "MinWindowSubstring.vcxproj", "{46345C57-5475-4741-B456-2FD5CCDDAF30}"
EndProject
Global
	GlobalSection(SolutionConfigurationPlatforms) = preSolution
		Debug|x64 = Debug|x64
		Debug|x86 = Debug|x86
		Release|x64 = Release|x64
		Release|x86 = Release|x86
	EndGlobalSection
	GlobalSection(ProjectConfigurationPlatforms) = postSolution
		{46345C57-5475-4741-B456-2FD5CCDDAF30}.Debug|x64.ActiveCfg = Debug|x64
		{46345C57-5475-4741-B456-2FD5CCDDAF30}.Debug|x64.Build.0 = Debug|x64
		{46345C57-5475-4741-B456-2FD5CCDDAF30}.Debug|x86.ActiveCfg = Debug|Win32
		{46345C57-5475-4741-B456-2FD5CCDDAF30}.Debug|x86.Build.0 = Debug|Win32
		{46345C57-5475-4741-B456-2FD5CCDDAF30}.Release|x64.ActiveCfg = Release|x64
		{46345C57-5475-4741-B456-2FD5CCDDAF30}.Release|x64.Build.0 = Release|x64
		{46345C57-5475-4741-B456-2FD5CCDDAF30}.Release|x86.ActiveCfg = Release|Win32
		{46345C57-5475-4741-B456-2FD5CCDDAF30}.Release|x86.Build.0 = Release|Win32
	EndGlobalSection
	GlobalSection(SolutionProperties) = preSolution
		HideSolutionNode = FALSE
	EndGlobalSection
	GlobalSection(ExtensibilityGlobals) = postSolution
		SolutionGuid = {40E0BE10-2EB9-43D4-9DD0-441E84ACB1C6}
	EndGlobalSection
EndGlobal
